
Microsoft Visual Studio Solution File, Format Version 12.00
# Visual Studio 15
VisualStudioVersion = 15.0.28307.852
MinimumVisualStudioVersion = 10.0.40219.1
Project("{FAE04EC0-301F-11D3-BF4B-00C04F79EFBC}") = "LambdaForums", "LambdaForums\LambdaForums.csproj", "{BD452EA5-A264-439C-94F9-00B138915749}"
EndProject
Project("{FAE04EC0-301F-11D3-BF4B-00C04F79EFBC}") = "LambdaForums.Data", "LambdaForums.Data\LambdaForums.Data.csproj", "{1BB87F3C-2EDD-416A-A579-C7138B6FE528}"
EndProject
Project("{FAE04EC0-301F-11D3-BF4B-00C04F79EFBC}") = "LambdaForums.Service", "LambdaForums.Service\LambdaForums.Service.csproj", "{83B11B1E-D192-4395-9E65-D03AA3BFEBEC}"
EndProject
Global
	GlobalSection(SolutionConfigurationPlatforms) = preSolution
		Debug|Any CPU = Debug|Any CPU
		Release|Any CPU = Release|Any CPU
	EndGlobalSection
	GlobalSection(ProjectConfigurationPlatforms) = postSolution
		{BD452EA5-A264-439C-94F9-00B138915749}.Debug|Any CPU.ActiveCfg = Debug|Any CPU
		{BD452EA5-A264-439C-94F9-00B138915749}.Debug|Any CPU.Build.0 = Debug|Any CPU
		{BD452EA5-A264-439C-94F9-00B138915749}.Release|Any CPU.ActiveCfg = Release|Any CPU
		{BD452EA5-A264-439C-94F9-00B138915749}.Release|Any CPU.Build.0 = Release|Any CPU
		{1BB87F3C-2EDD-416A-A579-C7138B6FE528}.Debug|Any CPU.ActiveCfg = Debug|Any CPU
		{1BB87F3C-2EDD-416A-A579-C7138B6FE528}.Debug|Any CPU.Build.0 = Debug|Any CPU
		{1BB87F3C-2EDD-416A-A579-C7138B6FE528}.Release|Any CPU.ActiveCfg = Release|Any CPU
		{1BB87F3C-2EDD-416A-A579-C7138B6FE528}.Release|Any CPU.Build.0 = Release|Any CPU
		{83B11B1E-D192-4395-9E65-D03AA3BFEBEC}.Debug|Any CPU.ActiveCfg = Debug|Any CPU
		{83B11B1E-D192-4395-9E65-D03AA3BFEBEC}.Debug|Any CPU.Build.0 = Debug|Any CPU
		{83B11B1E-D192-4395-9E65-D03AA3BFEBEC}.Release|Any CPU.ActiveCfg = Release|Any CPU
		{83B11B1E-D192-4395-9E65-D03AA3BFEBEC}.Release|Any CPU.Build.0 = Release|Any CPU
	EndGlobalSection
	GlobalSection(SolutionProperties) = preSolution
		HideSolutionNode = FALSE
	EndGlobalSection
	GlobalSection(ExtensibilityGlobals) = postSolution
		SolutionGuid = {B6F3FABC-EB8F-4366-B826-6687F1CE710E}
	EndGlobalSection
EndGlobal
